
Microsoft Visual Studio Solution File, Format Version 12.00
# Visual Studio Version 16
VisualStudioVersion = 16.0.28922.388
MinimumVisualStudioVersion = 10.0.40219.1
Project("{FAE04EC0-301F-11D3-BF4B-00C04F79EFBC}") = "BLD_win10", "BLD_win10\BLD_win10.csproj", "{C4C60AAA-B1CE-4DAF-A140-8F3503D0AAF8}"
EndProject
Project("{2150E333-8FDC-42A3-9474-1A3956D46DE8}") = "CaptureCardDriver", "CaptureCardDriver", "{473D81B6-82BF-460E-88DF-165BAED95591}"
EndProject
Project("{FAE04EC0-301F-11D3-BF4B-00C04F79EFBC}") = "AC6623Driver", "CaptureCardDriver\AC6623Driver\AC6623Driver.csproj", "{13BF2104-601F-4573-ABCF-B7B401FFA60A}"
EndProject
Project("{FAE04EC0-301F-11D3-BF4B-00C04F79EFBC}") = "AC6623SimDll", "CaptureCardDriver\AC6623SimDll\AC6623SimDll.csproj", "{B2B34AE2-E08B-4C03-97F1-D2DDD67CD4E7}"
EndProject
Project("{FAE04EC0-301F-11D3-BF4B-00C04F79EFBC}") = "ICaptureDriver", "CaptureCardDriver\CaptureData\ICaptureDriver.csproj", "{990F3008-E354-4773-B58C-73A069161076}"
EndProject
Project("{FAE04EC0-301F-11D3-BF4B-00C04F79EFBC}") = "CaptureDriver", "CaptureCardDriver\CaptureDriver\CaptureDriver.csproj", "{BED536BD-F8D0-45E5-8DD8-6884C030392B}"
EndProject
Project("{FAE04EC0-301F-11D3-BF4B-00C04F79EFBC}") = "PC6311Driver", "CaptureCardDriver\PC6311Driver\PC6311Driver.csproj", "{002DE2D2-7AF2-47C6-B834-B59AE4D85934}"
EndProject
Project("{FAE04EC0-301F-11D3-BF4B-00C04F79EFBC}") = "PC6311SimDll", "CaptureCardDriver\PC6311SimDll\PC6311SimDll.csproj", "{ED7432A9-1540-4EE5-BD9D-20D891B68E37}"
EndProject
Project("{2150E333-8FDC-42A3-9474-1A3956D46DE8}") = "Solution Items", "Solution Items", "{DE5CB717-8FA4-4D8F-ABCA-035755207936}"
EndProject
Project("{2150E333-8FDC-42A3-9474-1A3956D46DE8}") = "NewFolder1", "NewFolder1", "{5268FF06-00CA-4796-89F2-051C9264E912}"
EndProject
Global
	GlobalSection(SolutionConfigurationPlatforms) = preSolution
		Debug|Any CPU = Debug|Any CPU
		Release|Any CPU = Release|Any CPU
	EndGlobalSection
	GlobalSection(ProjectConfigurationPlatforms) = postSolution
		{C4C60AAA-B1CE-4DAF-A140-8F3503D0AAF8}.Debug|Any CPU.ActiveCfg = Debug|Any CPU
		{C4C60AAA-B1CE-4DAF-A140-8F3503D0AAF8}.Debug|Any CPU.Build.0 = Debug|Any CPU
		{C4C60AAA-B1CE-4DAF-A140-8F3503D0AAF8}.Release|Any CPU.ActiveCfg = Release|Any CPU
		{C4C60AAA-B1CE-4DAF-A140-8F3503D0AAF8}.Release|Any CPU.Build.0 = Release|Any CPU
		{13BF2104-601F-4573-ABCF-B7B401FFA60A}.Debug|Any CPU.ActiveCfg = Debug|Any CPU
		{13BF2104-601F-4573-ABCF-B7B401FFA60A}.Debug|Any CPU.Build.0 = Debug|Any CPU
		{13BF2104-601F-4573-ABCF-B7B401FFA60A}.Release|Any CPU.ActiveCfg = Release|Any CPU
		{13BF2104-601F-4573-ABCF-B7B401FFA60A}.Release|Any CPU.Build.0 = Release|Any CPU
		{B2B34AE2-E08B-4C03-97F1-D2DDD67CD4E7}.Debug|Any CPU.ActiveCfg = Debug|Any CPU
		{B2B34AE2-E08B-4C03-97F1-D2DDD67CD4E7}.Debug|Any CPU.Build.0 = Debug|Any CPU
		{B2B34AE2-E08B-4C03-97F1-D2DDD67CD4E7}.Release|Any CPU.ActiveCfg = Release|Any CPU
		{B2B34AE2-E08B-4C03-97F1-D2DDD67CD4E7}.Release|Any CPU.Build.0 = Release|Any CPU
		{990F3008-E354-4773-B58C-73A069161076}.Debug|Any CPU.ActiveCfg = Debug|Any CPU
		{990F3008-E354-4773-B58C-73A069161076}.Debug|Any CPU.Build.0 = Debug|Any CPU
		{990F3008-E354-4773-B58C-73A069161076}.Release|Any CPU.ActiveCfg = Release|Any CPU
		{990F3008-E354-4773-B58C-73A069161076}.Release|Any CPU.Build.0 = Release|Any CPU
		{BED536BD-F8D0-45E5-8DD8-6884C030392B}.Debug|Any CPU.ActiveCfg = Debug|Any CPU
		{BED536BD-F8D0-45E5-8DD8-6884C030392B}.Debug|Any CPU.Build.0 = Debug|Any CPU
		{BED536BD-F8D0-45E5-8DD8-6884C030392B}.Release|Any CPU.ActiveCfg = Release|Any CPU
		{BED536BD-F8D0-45E5-8DD8-6884C030392B}.Release|Any CPU.Build.0 = Release|Any CPU
		{002DE2D2-7AF2-47C6-B834-B59AE4D85934}.Debug|Any CPU.ActiveCfg = Debug|Any CPU
		{002DE2D2-7AF2-47C6-B834-B59AE4D85934}.Debug|Any CPU.Build.0 = Debug|Any CPU
		{002DE2D2-7AF2-47C6-B834-B59AE4D85934}.Release|Any CPU.ActiveCfg = Release|Any CPU
		{002DE2D2-7AF2-47C6-B834-B59AE4D85934}.Release|Any CPU.Build.0 = Release|Any CPU
		{ED7432A9-1540-4EE5-BD9D-20D891B68E37}.Debug|Any CPU.ActiveCfg = Debug|Any CPU
		{ED7432A9-1540-4EE5-BD9D-20D891B68E37}.Debug|Any CPU.Build.0 = Debug|Any CPU
		{ED7432A9-1540-4EE5-BD9D-20D891B68E37}.Release|Any CPU.ActiveCfg = Release|Any CPU
		{ED7432A9-1540-4EE5-BD9D-20D891B68E37}.Release|Any CPU.Build.0 = Release|Any CPU
	EndGlobalSection
	GlobalSection(SolutionProperties) = preSolution
		HideSolutionNode = FALSE
	EndGlobalSection
	GlobalSection(NestedProjects) = preSolution
		{13BF2104-601F-4573-ABCF-B7B401FFA60A} = {473D81B6-82BF-460E-88DF-165BAED95591}
		{B2B34AE2-E08B-4C03-97F1-D2DDD67CD4E7} = {473D81B6-82BF-460E-88DF-165BAED95591}
		{990F3008-E354-4773-B58C-73A069161076} = {473D81B6-82BF-460E-88DF-165BAED95591}
		{BED536BD-F8D0-45E5-8DD8-6884C030392B} = {473D81B6-82BF-460E-88DF-165BAED95591}
		{002DE2D2-7AF2-47C6-B834-B59AE4D85934} = {473D81B6-82BF-460E-88DF-165BAED95591}
		{ED7432A9-1540-4EE5-BD9D-20D891B68E37} = {473D81B6-82BF-460E-88DF-165BAED95591}
	EndGlobalSection
	GlobalSection(ExtensibilityGlobals) = postSolution
		SolutionGuid = {0EA7C3CF-8076-45A2-B55F-396E4F20592B}
	EndGlobalSection
EndGlobal
